
Microsoft Visual Studio Solution File, Format Version 12.00
# Visual Studio Version 17
VisualStudioVersion = 17.6.33815.320
MinimumVisualStudioVersion = 10.0.40219.1
Project("{9A19103F-16F7-4668-BE54-9A1E7A4F7556}") = "Baharan.Domain", "src\Baharan.Domain\Baharan.Domain.csproj", "{554AD327-6DBA-4F8F-96F8-81CE7A0C863F}"
EndProject
Project("{9A19103F-16F7-4668-BE54-9A1E7A4F7556}") = "Account.TestBase", "modules\Account\test\Account.TestBase\Account.TestBase.csproj", "{C2FD3411-393B-46EB-AA1C-E097872384E2}"
EndProject
Project("{9A19103F-16F7-4668-BE54-9A1E7A4F7556}") = "Account.HttpApi.Client.ConsoleTestApp", "modules\Account\test\Account.HttpApi.Client.ConsoleTestApp\Account.HttpApi.Client.ConsoleTestApp.csproj", "{A41E0EBE-F6F1-40D5-9465-13B5B5FA8FE2}"
EndProject
Project("{9A19103F-16F7-4668-BE54-9A1E7A4F7556}") = "Account.EntityFrameworkCore.Tests", "modules\Account\test\Account.EntityFrameworkCore.Tests\Account.EntityFrameworkCore.Tests.csproj", "{B741A1AA-E6B7-404E-9960-8CCFA93ACCAA}"
EndProject
Project("{9A19103F-16F7-4668-BE54-9A1E7A4F7556}") = "Account.Domain.Tests", "modules\Account\test\Account.Domain.Tests\Account.Domain.Tests.csproj", "{ABFE90C0-225C-4336-B766-EC0FE15F16CE}"
EndProject
Project("{9A19103F-16F7-4668-BE54-9A1E7A4F7556}") = "Account.Application.Tests", "modules\Account\test\Account.Application.Tests\Account.Application.Tests.csproj", "{372029E3-AECA-4D0A-B919-A5E50F9BCA45}"
EndProject
Project("{9A19103F-16F7-4668-BE54-9A1E7A4F7556}") = "Account.Web", "modules\Account\src\Account.Web\Account.Web.csproj", "{DC712B47-2D38-4776-B4B6-90D847317087}"
EndProject
Project("{9A19103F-16F7-4668-BE54-9A1E7A4F7556}") = "Account.Installer", "modules\Account\src\Account.Installer\Account.Installer.csproj", "{85E94312-B8E3-42C3-905C-3C7B37D747A0}"
EndProject
Project("{9A19103F-16F7-4668-BE54-9A1E7A4F7556}") = "Account.HttpApi.Client", "modules\Account\src\Account.HttpApi.Client\Account.HttpApi.Client.csproj", "{FA5D4933-0540-4299-A8BE-C51190C602D2}"
EndProject
Project("{9A19103F-16F7-4668-BE54-9A1E7A4F7556}") = "Account.HttpApi", "modules\Account\src\Account.HttpApi\Account.HttpApi.csproj", "{4804B050-7EEF-4CE3-933D-F9DF10C84E84}"
EndProject
Project("{9A19103F-16F7-4668-BE54-9A1E7A4F7556}") = "Account.EntityFrameworkCore", "modules\Account\src\Account.EntityFrameworkCore\Account.EntityFrameworkCore.csproj", "{365A87B0-7C94-49A1-9A05-95167F642E7B}"
EndProject
Project("{9A19103F-16F7-4668-BE54-9A1E7A4F7556}") = "Account.Domain.Shared", "modules\Account\src\Account.Domain.Shared\Account.Domain.Shared.csproj", "{34A6CC36-0F20-4EFF-B7D5-1CF27CAB781F}"
EndProject
Project("{9A19103F-16F7-4668-BE54-9A1E7A4F7556}") = "Account.Domain", "modules\Account\src\Account.Domain\Account.Domain.csproj", "{E35F93B3-4E78-4E75-AA8F-87BFC75F903D}"
EndProject
Project("{9A19103F-16F7-4668-BE54-9A1E7A4F7556}") = "Account.Application.Contracts", "modules\Account\src\Account.Application.Contracts\Account.Application.Contracts.csproj", "{A792E25A-9D52-42BA-8DDB-2D93F62DA3CC}"
EndProject
Project("{9A19103F-16F7-4668-BE54-9A1E7A4F7556}") = "Account.Application", "modules\Account\src\Account.Application\Account.Application.csproj", "{019EA9AE-49B1-4AA0-B8ED-18820BF88D26}"
EndProject
Project("{2150E333-8FDC-42A3-9474-1A3956D46DE8}") = "Account.Tests", "Account.Tests", "{B4593AA2-BD39-464E-AA4F-41F6B5C821E1}"
EndProject
Project("{2150E333-8FDC-42A3-9474-1A3956D46DE8}") = "Account", "Account", "{2D3DF914-C90F-4CEE-9C89-4EC3E534CCDD}"
EndProject
Project("{9A19103F-16F7-4668-BE54-9A1E7A4F7556}") = "Identity.TestBase", "modules\Identity\test\Identity.TestBase\Identity.TestBase.csproj", "{D71FBEE3-4F75-4B5B-BB72-C03C7A822897}"
EndProject
Project("{9A19103F-16F7-4668-BE54-9A1E7A4F7556}") = "Identity.HttpApi.Client.ConsoleTestApp", "modules\Identity\test\Identity.HttpApi.Client.ConsoleTestApp\Identity.HttpApi.Client.ConsoleTestApp.csproj", "{CE7C608F-1E18-40ED-8ACA-13FD5B285377}"
EndProject
Project("{9A19103F-16F7-4668-BE54-9A1E7A4F7556}") = "Identity.EntityFrameworkCore.Tests", "modules\Identity\test\Identity.EntityFrameworkCore.Tests\Identity.EntityFrameworkCore.Tests.csproj", "{1F24FF70-F534-489F-B2E8-C433D26890DA}"
EndProject
Project("{9A19103F-16F7-4668-BE54-9A1E7A4F7556}") = "Identity.Domain.Tests", "modules\Identity\test\Identity.Domain.Tests\Identity.Domain.Tests.csproj", "{9CA17315-BAEF-44A3-AC5C-788C6BD3EE00}"
EndProject
Project("{9A19103F-16F7-4668-BE54-9A1E7A4F7556}") = "Identity.Application.Tests", "modules\Identity\test\Identity.Application.Tests\Identity.Application.Tests.csproj", "{4864C55E-EB7D-463E-B69E-12FF05C0D945}"
EndProject
Project("{9A19103F-16F7-4668-BE54-9A1E7A4F7556}") = "Identity.Web", "modules\Identity\src\Identity.Web\Identity.Web.csproj", "{B300DED4-98A9-49CB-B657-E2F69E40D45E}"
EndProject
Project("{9A19103F-16F7-4668-BE54-9A1E7A4F7556}") = "Identity.Installer", "modules\Identity\src\Identity.Installer\Identity.Installer.csproj", "{616E7ED8-74C8-4F72-93EB-E64A704F46FB}"
EndProject
Project("{9A19103F-16F7-4668-BE54-9A1E7A4F7556}") = "Identity.HttpApi.Client", "modules\Identity\src\Identity.HttpApi.Client\Identity.HttpApi.Client.csproj", "{FEB2B1BE-557B-49EB-BCA8-168089073302}"
EndProject
Project("{9A19103F-16F7-4668-BE54-9A1E7A4F7556}") = "Identity.HttpApi", "modules\Identity\src\Identity.HttpApi\Identity.HttpApi.csproj", "{D362E734-682D-4370-BB8B-69EA86349D6C}"
EndProject
Project("{9A19103F-16F7-4668-BE54-9A1E7A4F7556}") = "Identity.EntityFrameworkCore", "modules\Identity\src\Identity.EntityFrameworkCore\Identity.EntityFrameworkCore.csproj", "{98C94543-DC2B-493B-BD50-F2932CE9AEBB}"
EndProject
Project("{9A19103F-16F7-4668-BE54-9A1E7A4F7556}") = "Identity.Domain.Shared", "modules\Identity\src\Identity.Domain.Shared\Identity.Domain.Shared.csproj", "{12DDDA0F-BDEC-453E-A8F9-32E5F018FA07}"
EndProject
Project("{9A19103F-16F7-4668-BE54-9A1E7A4F7556}") = "Identity.Domain", "modules\Identity\src\Identity.Domain\Identity.Domain.csproj", "{07455A5A-8820-4DDC-9167-1DBBF4BFA183}"
EndProject
Project("{9A19103F-16F7-4668-BE54-9A1E7A4F7556}") = "Identity.Application.Contracts", "modules\Identity\src\Identity.Application.Contracts\Identity.Application.Contracts.csproj", "{C65C148A-A375-46C5-9EB3-1A933290D375}"
EndProject
Project("{9A19103F-16F7-4668-BE54-9A1E7A4F7556}") = "Identity.Application", "modules\Identity\src\Identity.Application\Identity.Application.csproj", "{07F8DCA1-CD91-43BA-B946-72FB86DB73B2}"
EndProject
Project("{2150E333-8FDC-42A3-9474-1A3956D46DE8}") = "Identity.Tests", "Identity.Tests", "{232693DC-9275-4FFC-B3FA-F38816108E9E}"
EndProject
Project("{2150E333-8FDC-42A3-9474-1A3956D46DE8}") = "Identity", "Identity", "{973A0009-D177-4A79-B249-58F7757431F7}"
EndProject
Project("{2150E333-8FDC-42A3-9474-1A3956D46DE8}") = "modules", "modules", "{78206AB4-BE18-436F-8C90-78549B155484}"
EndProject
Project("{9A19103F-16F7-4668-BE54-9A1E7A4F7556}") = "Baharan.Application", "src\Baharan.Application\Baharan.Application.csproj", "{1A94A50E-06DC-43C1-80B5-B662820EC3EB}"
EndProject
Project("{9A19103F-16F7-4668-BE54-9A1E7A4F7556}") = "Baharan.EntityFrameworkCore", "src\Baharan.EntityFrameworkCore\Baharan.EntityFrameworkCore.csproj", "{C956DD76-69C8-4A9C-83EA-D17DF83340FD}"
EndProject
Project("{9A19103F-16F7-4668-BE54-9A1E7A4F7556}") = "Baharan.Web", "src\Baharan.Web\Baharan.Web.csproj", "{068855E8-9240-4F1A-910B-CF825794513B}"
EndProject
Project("{2150E333-8FDC-42A3-9474-1A3956D46DE8}") = "src", "src", "{CA9AC87F-097E-4F15-8393-4BC07735A5B0}"
EndProject
Project("{2150E333-8FDC-42A3-9474-1A3956D46DE8}") = "test", "test", "{04DBDB01-70F4-4E06-B468-8F87850B22BE}"
EndProject
Project("{9A19103F-16F7-4668-BE54-9A1E7A4F7556}") = "Baharan.Application.Tests", "test\Baharan.Application.Tests\Baharan.Application.Tests.csproj", "{50B2631D-129C-47B3-A587-029CCD6099BC}"
EndProject
Project("{9A19103F-16F7-4668-BE54-9A1E7A4F7556}") = "Baharan.Web.Tests", "test\Baharan.Web.Tests\Baharan.Web.Tests.csproj", "{5F1B28C6-8D0C-4155-92D0-252F7EA5F674}"
EndProject
Project("{9A19103F-16F7-4668-BE54-9A1E7A4F7556}") = "Baharan.Domain.Shared", "src\Baharan.Domain.Shared\Baharan.Domain.Shared.csproj", "{42F719ED-8413-4895-B5B4-5AB56079BC66}"
EndProject
Project("{9A19103F-16F7-4668-BE54-9A1E7A4F7556}") = "Baharan.Application.Contracts", "src\Baharan.Application.Contracts\Baharan.Application.Contracts.csproj", "{520659C8-C734-4298-A3DA-B539DB9DFC0B}"
EndProject
Project("{9A19103F-16F7-4668-BE54-9A1E7A4F7556}") = "Baharan.HttpApi", "src\Baharan.HttpApi\Baharan.HttpApi.csproj", "{4164BDF7-F527-4E85-9CE6-E3C2D7426A27}"
EndProject
Project("{9A19103F-16F7-4668-BE54-9A1E7A4F7556}") = "Baharan.HttpApi.Client", "src\Baharan.HttpApi.Client\Baharan.HttpApi.Client.csproj", "{3B5A0094-670D-4BB1-BFDD-61B88A8773DC}"
EndProject
Project("{9A19103F-16F7-4668-BE54-9A1E7A4F7556}") = "Baharan.EntityFrameworkCore.Tests", "test\Baharan.EntityFrameworkCore.Tests\Baharan.EntityFrameworkCore.Tests.csproj", "{1FE30EB9-74A9-47F5-A9F6-7B1FAB672D81}"
EndProject
Project("{9A19103F-16F7-4668-BE54-9A1E7A4F7556}") = "Baharan.TestBase", "test\Baharan.TestBase\Baharan.TestBase.csproj", "{91853F21-9CD9-4132-BC29-A7D5D84FFFE7}"
EndProject
Project("{9A19103F-16F7-4668-BE54-9A1E7A4F7556}") = "Baharan.Domain.Tests", "test\Baharan.Domain.Tests\Baharan.Domain.Tests.csproj", "{E512F4D9-9375-480F-A2F6-A46509F9D824}"
EndProject
Project("{9A19103F-16F7-4668-BE54-9A1E7A4F7556}") = "Baharan.HttpApi.Client.ConsoleTestApp", "test\Baharan.HttpApi.Client.ConsoleTestApp\Baharan.HttpApi.Client.ConsoleTestApp.csproj", "{EF480016-9127-4916-8735-D2466BDBC582}"
EndProject
Project("{9A19103F-16F7-4668-BE54-9A1E7A4F7556}") = "Baharan.DbMigrator", "src\Baharan.DbMigrator\Baharan.DbMigrator.csproj", "{AA94D832-1CCC-4715-95A9-A483F23A1A5D}"
EndProject
Global
	GlobalSection(SolutionConfigurationPlatforms) = preSolution
		Debug|Any CPU = Debug|Any CPU
		Release|Any CPU = Release|Any CPU
	EndGlobalSection
	GlobalSection(ProjectConfigurationPlatforms) = postSolution
		{554AD327-6DBA-4F8F-96F8-81CE7A0C863F}.Debug|Any CPU.ActiveCfg = Debug|Any CPU
		{554AD327-6DBA-4F8F-96F8-81CE7A0C863F}.Debug|Any CPU.Build.0 = Debug|Any CPU
		{554AD327-6DBA-4F8F-96F8-81CE7A0C863F}.Release|Any CPU.ActiveCfg = Release|Any CPU
		{554AD327-6DBA-4F8F-96F8-81CE7A0C863F}.Release|Any CPU.Build.0 = Release|Any CPU
		{C2FD3411-393B-46EB-AA1C-E097872384E2}.Debug|Any CPU.ActiveCfg = Debug|Any CPU
		{C2FD3411-393B-46EB-AA1C-E097872384E2}.Debug|Any CPU.Build.0 = Debug|Any CPU
		{C2FD3411-393B-46EB-AA1C-E097872384E2}.Release|Any CPU.ActiveCfg = Release|Any CPU
		{C2FD3411-393B-46EB-AA1C-E097872384E2}.Release|Any CPU.Build.0 = Release|Any CPU
		{A41E0EBE-F6F1-40D5-9465-13B5B5FA8FE2}.Debug|Any CPU.ActiveCfg = Debug|Any CPU
		{A41E0EBE-F6F1-40D5-9465-13B5B5FA8FE2}.Debug|Any CPU.Build.0 = Debug|Any CPU
		{A41E0EBE-F6F1-40D5-9465-13B5B5FA8FE2}.Release|Any CPU.ActiveCfg = Release|Any CPU
		{A41E0EBE-F6F1-40D5-9465-13B5B5FA8FE2}.Release|Any CPU.Build.0 = Release|Any CPU
		{B741A1AA-E6B7-404E-9960-8CCFA93ACCAA}.Debug|Any CPU.ActiveCfg = Debug|Any CPU
		{B741A1AA-E6B7-404E-9960-8CCFA93ACCAA}.Debug|Any CPU.Build.0 = Debug|Any CPU
		{B741A1AA-E6B7-404E-9960-8CCFA93ACCAA}.Release|Any CPU.ActiveCfg = Release|Any CPU
		{B741A1AA-E6B7-404E-9960-8CCFA93ACCAA}.Release|Any CPU.Build.0 = Release|Any CPU
		{ABFE90C0-225C-4336-B766-EC0FE15F16CE}.Debug|Any CPU.ActiveCfg = Debug|Any CPU
		{ABFE90C0-225C-4336-B766-EC0FE15F16CE}.Debug|Any CPU.Build.0 = Debug|Any CPU
		{ABFE90C0-225C-4336-B766-EC0FE15F16CE}.Release|Any CPU.ActiveCfg = Release|Any CPU
		{ABFE90C0-225C-4336-B766-EC0FE15F16CE}.Release|Any CPU.Build.0 = Release|Any CPU
		{372029E3-AECA-4D0A-B919-A5E50F9BCA45}.Debug|Any CPU.ActiveCfg = Debug|Any CPU
		{372029E3-AECA-4D0A-B919-A5E50F9BCA45}.Debug|Any CPU.Build.0 = Debug|Any CPU
		{372029E3-AECA-4D0A-B919-A5E50F9BCA45}.Release|Any CPU.ActiveCfg = Release|Any CPU
		{372029E3-AECA-4D0A-B919-A5E50F9BCA45}.Release|Any CPU.Build.0 = Release|Any CPU
		{DC712B47-2D38-4776-B4B6-90D847317087}.Debug|Any CPU.ActiveCfg = Debug|Any CPU
		{DC712B47-2D38-4776-B4B6-90D847317087}.Debug|Any CPU.Build.0 = Debug|Any CPU
		{DC712B47-2D38-4776-B4B6-90D847317087}.Release|Any CPU.ActiveCfg = Release|Any CPU
		{DC712B47-2D38-4776-B4B6-90D847317087}.Release|Any CPU.Build.0 = Release|Any CPU
		{85E94312-B8E3-42C3-905C-3C7B37D747A0}.Debug|Any CPU.ActiveCfg = Debug|Any CPU
		{85E94312-B8E3-42C3-905C-3C7B37D747A0}.Debug|Any CPU.Build.0 = Debug|Any CPU
		{85E94312-B8E3-42C3-905C-3C7B37D747A0}.Release|Any CPU.ActiveCfg = Release|Any CPU
		{85E94312-B8E3-42C3-905C-3C7B37D747A0}.Release|Any CPU.Build.0 = Release|Any CPU
		{FA5D4933-0540-4299-A8BE-C51190C602D2}.Debug|Any CPU.ActiveCfg = Debug|Any CPU
		{FA5D4933-0540-4299-A8BE-C51190C602D2}.Debug|Any CPU.Build.0 = Debug|Any CPU
		{FA5D4933-0540-4299-A8BE-C51190C602D2}.Release|Any CPU.ActiveCfg = Release|Any CPU
		{FA5D4933-0540-4299-A8BE-C51190C602D2}.Release|Any CPU.Build.0 = Release|Any CPU
		{4804B050-7EEF-4CE3-933D-F9DF10C84E84}.Debug|Any CPU.ActiveCfg = Debug|Any CPU
		{4804B050-7EEF-4CE3-933D-F9DF10C84E84}.Debug|Any CPU.Build.0 = Debug|Any CPU
		{4804B050-7EEF-4CE3-933D-F9DF10C84E84}.Release|Any CPU.ActiveCfg = Release|Any CPU
		{4804B050-7EEF-4CE3-933D-F9DF10C84E84}.Release|Any CPU.Build.0 = Release|Any CPU
		{365A87B0-7C94-49A1-9A05-95167F642E7B}.Debug|Any CPU.ActiveCfg = Debug|Any CPU
		{365A87B0-7C94-49A1-9A05-95167F642E7B}.Debug|Any CPU.Build.0 = Debug|Any CPU
		{365A87B0-7C94-49A1-9A05-95167F642E7B}.Release|Any CPU.ActiveCfg = Release|Any CPU
		{365A87B0-7C94-49A1-9A05-95167F642E7B}.Release|Any CPU.Build.0 = Release|Any CPU
		{34A6CC36-0F20-4EFF-B7D5-1CF27CAB781F}.Debug|Any CPU.ActiveCfg = Debug|Any CPU
		{34A6CC36-0F20-4EFF-B7D5-1CF27CAB781F}.Debug|Any CPU.Build.0 = Debug|Any CPU
		{34A6CC36-0F20-4EFF-B7D5-1CF27CAB781F}.Release|Any CPU.ActiveCfg = Release|Any CPU
		{34A6CC36-0F20-4EFF-B7D5-1CF27CAB781F}.Release|Any CPU.Build.0 = Release|Any CPU
		{E35F93B3-4E78-4E75-AA8F-87BFC75F903D}.Debug|Any CPU.ActiveCfg = Debug|Any CPU
		{E35F93B3-4E78-4E75-AA8F-87BFC75F903D}.Debug|Any CPU.Build.0 = Debug|Any CPU
		{E35F93B3-4E78-4E75-AA8F-87BFC75F903D}.Release|Any CPU.ActiveCfg = Release|Any CPU
		{E35F93B3-4E78-4E75-AA8F-87BFC75F903D}.Release|Any CPU.Build.0 = Release|Any CPU
		{A792E25A-9D52-42BA-8DDB-2D93F62DA3CC}.Debug|Any CPU.ActiveCfg = Debug|Any CPU
		{A792E25A-9D52-42BA-8DDB-2D93F62DA3CC}.Debug|Any CPU.Build.0 = Debug|Any CPU
		{A792E25A-9D52-42BA-8DDB-2D93F62DA3CC}.Release|Any CPU.ActiveCfg = Release|Any CPU
		{A792E25A-9D52-42BA-8DDB-2D93F62DA3CC}.Release|Any CPU.Build.0 = Release|Any CPU
		{019EA9AE-49B1-4AA0-B8ED-18820BF88D26}.Debug|Any CPU.ActiveCfg = Debug|Any CPU
		{019EA9AE-49B1-4AA0-B8ED-18820BF88D26}.Debug|Any CPU.Build.0 = Debug|Any CPU
		{019EA9AE-49B1-4AA0-B8ED-18820BF88D26}.Release|Any CPU.ActiveCfg = Release|Any CPU
		{019EA9AE-49B1-4AA0-B8ED-18820BF88D26}.Release|Any CPU.Build.0 = Release|Any CPU
		{D71FBEE3-4F75-4B5B-BB72-C03C7A822897}.Debug|Any CPU.ActiveCfg = Debug|Any CPU
		{D71FBEE3-4F75-4B5B-BB72-C03C7A822897}.Debug|Any CPU.Build.0 = Debug|Any CPU
		{D71FBEE3-4F75-4B5B-BB72-C03C7A822897}.Release|Any CPU.ActiveCfg = Release|Any CPU
		{D71FBEE3-4F75-4B5B-BB72-C03C7A822897}.Release|Any CPU.Build.0 = Release|Any CPU
		{CE7C608F-1E18-40ED-8ACA-13FD5B285377}.Debug|Any CPU.ActiveCfg = Debug|Any CPU
		{CE7C608F-1E18-40ED-8ACA-13FD5B285377}.Debug|Any CPU.Build.0 = Debug|Any CPU
		{CE7C608F-1E18-40ED-8ACA-13FD5B285377}.Release|Any CPU.ActiveCfg = Release|Any CPU
		{CE7C608F-1E18-40ED-8ACA-13FD5B285377}.Release|Any CPU.Build.0 = Release|Any CPU
		{1F24FF70-F534-489F-B2E8-C433D26890DA}.Debug|Any CPU.ActiveCfg = Debug|Any CPU
		{1F24FF70-F534-489F-B2E8-C433D26890DA}.Debug|Any CPU.Build.0 = Debug|Any CPU
		{1F24FF70-F534-489F-B2E8-C433D26890DA}.Release|Any CPU.ActiveCfg = Release|Any CPU
		{1F24FF70-F534-489F-B2E8-C433D26890DA}.Release|Any CPU.Build.0 = Release|Any CPU
		{9CA17315-BAEF-44A3-AC5C-788C6BD3EE00}.Debug|Any CPU.ActiveCfg = Debug|Any CPU
		{9CA17315-BAEF-44A3-AC5C-788C6BD3EE00}.Debug|Any CPU.Build.0 = Debug|Any CPU
		{9CA17315-BAEF-44A3-AC5C-788C6BD3EE00}.Release|Any CPU.ActiveCfg = Release|Any CPU
		{9CA17315-BAEF-44A3-AC5C-788C6BD3EE00}.Release|Any CPU.Build.0 = Release|Any CPU
		{4864C55E-EB7D-463E-B69E-12FF05C0D945}.Debug|Any CPU.ActiveCfg = Debug|Any CPU
		{4864C55E-EB7D-463E-B69E-12FF05C0D945}.Debug|Any CPU.Build.0 = Debug|Any CPU
		{4864C55E-EB7D-463E-B69E-12FF05C0D945}.Release|Any CPU.ActiveCfg = Release|Any CPU
		{4864C55E-EB7D-463E-B69E-12FF05C0D945}.Release|Any CPU.Build.0 = Release|Any CPU
		{B300DED4-98A9-49CB-B657-E2F69E40D45E}.Debug|Any CPU.ActiveCfg = Debug|Any CPU
		{B300DED4-98A9-49CB-B657-E2F69E40D45E}.Debug|Any CPU.Build.0 = Debug|Any CPU
		{B300DED4-98A9-49CB-B657-E2F69E40D45E}.Release|Any CPU.ActiveCfg = Release|Any CPU
		{B300DED4-98A9-49CB-B657-E2F69E40D45E}.Release|Any CPU.Build.0 = Release|Any CPU
		{616E7ED8-74C8-4F72-93EB-E64A704F46FB}.Debug|Any CPU.ActiveCfg = Debug|Any CPU
		{616E7ED8-74C8-4F72-93EB-E64A704F46FB}.Debug|Any CPU.Build.0 = Debug|Any CPU
		{616E7ED8-74C8-4F72-93EB-E64A704F46FB}.Release|Any CPU.ActiveCfg = Release|Any CPU
		{616E7ED8-74C8-4F72-93EB-E64A704F46FB}.Release|Any CPU.Build.0 = Release|Any CPU
		{FEB2B1BE-557B-49EB-BCA8-168089073302}.Debug|Any CPU.ActiveCfg = Debug|Any CPU
		{FEB2B1BE-557B-49EB-BCA8-168089073302}.Debug|Any CPU.Build.0 = Debug|Any CPU
		{FEB2B1BE-557B-49EB-BCA8-168089073302}.Release|Any CPU.ActiveCfg = Release|Any CPU
		{FEB2B1BE-557B-49EB-BCA8-168089073302}.Release|Any CPU.Build.0 = Release|Any CPU
		{D362E734-682D-4370-BB8B-69EA86349D6C}.Debug|Any CPU.ActiveCfg = Debug|Any CPU
		{D362E734-682D-4370-BB8B-69EA86349D6C}.Debug|Any CPU.Build.0 = Debug|Any CPU
		{D362E734-682D-4370-BB8B-69EA86349D6C}.Release|Any CPU.ActiveCfg = Release|Any CPU
		{D362E734-682D-4370-BB8B-69EA86349D6C}.Release|Any CPU.Build.0 = Release|Any CPU
		{98C94543-DC2B-493B-BD50-F2932CE9AEBB}.Debug|Any CPU.ActiveCfg = Debug|Any CPU
		{98C94543-DC2B-493B-BD50-F2932CE9AEBB}.Debug|Any CPU.Build.0 = Debug|Any CPU
		{98C94543-DC2B-493B-BD50-F2932CE9AEBB}.Release|Any CPU.ActiveCfg = Release|Any CPU
		{98C94543-DC2B-493B-BD50-F2932CE9AEBB}.Release|Any CPU.Build.0 = Release|Any CPU
		{12DDDA0F-BDEC-453E-A8F9-32E5F018FA07}.Debug|Any CPU.ActiveCfg = Debug|Any CPU
		{12DDDA0F-BDEC-453E-A8F9-32E5F018FA07}.Debug|Any CPU.Build.0 = Debug|Any CPU
		{12DDDA0F-BDEC-453E-A8F9-32E5F018FA07}.Release|Any CPU.ActiveCfg = Release|Any CPU
		{12DDDA0F-BDEC-453E-A8F9-32E5F018FA07}.Release|Any CPU.Build.0 = Release|Any CPU
		{07455A5A-8820-4DDC-9167-1DBBF4BFA183}.Debug|Any CPU.ActiveCfg = Debug|Any CPU
		{07455A5A-8820-4DDC-9167-1DBBF4BFA183}.Debug|Any CPU.Build.0 = Debug|Any CPU
		{07455A5A-8820-4DDC-9167-1DBBF4BFA183}.Release|Any CPU.ActiveCfg = Release|Any CPU
		{07455A5A-8820-4DDC-9167-1DBBF4BFA183}.Release|Any CPU.Build.0 = Release|Any CPU
		{C65C148A-A375-46C5-9EB3-1A933290D375}.Debug|Any CPU.ActiveCfg = Debug|Any CPU
		{C65C148A-A375-46C5-9EB3-1A933290D375}.Debug|Any CPU.Build.0 = Debug|Any CPU
		{C65C148A-A375-46C5-9EB3-1A933290D375}.Release|Any CPU.ActiveCfg = Release|Any CPU
		{C65C148A-A375-46C5-9EB3-1A933290D375}.Release|Any CPU.Build.0 = Release|Any CPU
		{07F8DCA1-CD91-43BA-B946-72FB86DB73B2}.Debug|Any CPU.ActiveCfg = Debug|Any CPU
		{07F8DCA1-CD91-43BA-B946-72FB86DB73B2}.Debug|Any CPU.Build.0 = Debug|Any CPU
		{07F8DCA1-CD91-43BA-B946-72FB86DB73B2}.Release|Any CPU.ActiveCfg = Release|Any CPU
		{07F8DCA1-CD91-43BA-B946-72FB86DB73B2}.Release|Any CPU.Build.0 = Release|Any CPU
		{1A94A50E-06DC-43C1-80B5-B662820EC3EB}.Debug|Any CPU.ActiveCfg = Debug|Any CPU
		{1A94A50E-06DC-43C1-80B5-B662820EC3EB}.Debug|Any CPU.Build.0 = Debug|Any CPU
		{1A94A50E-06DC-43C1-80B5-B662820EC3EB}.Release|Any CPU.ActiveCfg = Release|Any CPU
		{1A94A50E-06DC-43C1-80B5-B662820EC3EB}.Release|Any CPU.Build.0 = Release|Any CPU
		{C956DD76-69C8-4A9C-83EA-D17DF83340FD}.Debug|Any CPU.ActiveCfg = Debug|Any CPU
		{C956DD76-69C8-4A9C-83EA-D17DF83340FD}.Debug|Any CPU.Build.0 = Debug|Any CPU
		{C956DD76-69C8-4A9C-83EA-D17DF83340FD}.Release|Any CPU.ActiveCfg = Release|Any CPU
		{C956DD76-69C8-4A9C-83EA-D17DF83340FD}.Release|Any CPU.Build.0 = Release|Any CPU
		{068855E8-9240-4F1A-910B-CF825794513B}.Debug|Any CPU.ActiveCfg = Debug|Any CPU
		{068855E8-9240-4F1A-910B-CF825794513B}.Debug|Any CPU.Build.0 = Debug|Any CPU
		{068855E8-9240-4F1A-910B-CF825794513B}.Release|Any CPU.ActiveCfg = Release|Any CPU
		{068855E8-9240-4F1A-910B-CF825794513B}.Release|Any CPU.Build.0 = Release|Any CPU
		{50B2631D-129C-47B3-A587-029CCD6099BC}.Debug|Any CPU.ActiveCfg = Debug|Any CPU
		{50B2631D-129C-47B3-A587-029CCD6099BC}.Debug|Any CPU.Build.0 = Debug|Any CPU
		{50B2631D-129C-47B3-A587-029CCD6099BC}.Release|Any CPU.ActiveCfg = Release|Any CPU
		{50B2631D-129C-47B3-A587-029CCD6099BC}.Release|Any CPU.Build.0 = Release|Any CPU
		{5F1B28C6-8D0C-4155-92D0-252F7EA5F674}.Debug|Any CPU.ActiveCfg = Debug|Any CPU
		{5F1B28C6-8D0C-4155-92D0-252F7EA5F674}.Debug|Any CPU.Build.0 = Debug|Any CPU
		{5F1B28C6-8D0C-4155-92D0-252F7EA5F674}.Release|Any CPU.ActiveCfg = Release|Any CPU
		{5F1B28C6-8D0C-4155-92D0-252F7EA5F674}.Release|Any CPU.Build.0 = Release|Any CPU
		{42F719ED-8413-4895-B5B4-5AB56079BC66}.Debug|Any CPU.ActiveCfg = Debug|Any CPU
		{42F719ED-8413-4895-B5B4-5AB56079BC66}.Debug|Any CPU.Build.0 = Debug|Any CPU
		{42F719ED-8413-4895-B5B4-5AB56079BC66}.Release|Any CPU.ActiveCfg = Release|Any CPU
		{42F719ED-8413-4895-B5B4-5AB56079BC66}.Release|Any CPU.Build.0 = Release|Any CPU
		{520659C8-C734-4298-A3DA-B539DB9DFC0B}.Debug|Any CPU.ActiveCfg = Debug|Any CPU
		{520659C8-C734-4298-A3DA-B539DB9DFC0B}.Debug|Any CPU.Build.0 = Debug|Any CPU
		{520659C8-C734-4298-A3DA-B539DB9DFC0B}.Release|Any CPU.ActiveCfg = Release|Any CPU
		{520659C8-C734-4298-A3DA-B539DB9DFC0B}.Release|Any CPU.Build.0 = Release|Any CPU
		{4164BDF7-F527-4E85-9CE6-E3C2D7426A27}.Debug|Any CPU.ActiveCfg = Debug|Any CPU
		{4164BDF7-F527-4E85-9CE6-E3C2D7426A27}.Debug|Any CPU.Build.0 = Debug|Any CPU
		{4164BDF7-F527-4E85-9CE6-E3C2D7426A27}.Release|Any CPU.ActiveCfg = Release|Any CPU
		{4164BDF7-F527-4E85-9CE6-E3C2D7426A27}.Release|Any CPU.Build.0 = Release|Any CPU
		{3B5A0094-670D-4BB1-BFDD-61B88A8773DC}.Debug|Any CPU.ActiveCfg = Debug|Any CPU
		{3B5A0094-670D-4BB1-BFDD-61B88A8773DC}.Debug|Any CPU.Build.0 = Debug|Any CPU
		{3B5A0094-670D-4BB1-BFDD-61B88A8773DC}.Release|Any CPU.ActiveCfg = Release|Any CPU
		{3B5A0094-670D-4BB1-BFDD-61B88A8773DC}.Release|Any CPU.Build.0 = Release|Any CPU
		{1FE30EB9-74A9-47F5-A9F6-7B1FAB672D81}.Debug|Any CPU.ActiveCfg = Debug|Any CPU
		{1FE30EB9-74A9-47F5-A9F6-7B1FAB672D81}.Debug|Any CPU.Build.0 = Debug|Any CPU
		{1FE30EB9-74A9-47F5-A9F6-7B1FAB672D81}.Release|Any CPU.ActiveCfg = Release|Any CPU
		{1FE30EB9-74A9-47F5-A9F6-7B1FAB672D81}.Release|Any CPU.Build.0 = Release|Any CPU
		{91853F21-9CD9-4132-BC29-A7D5D84FFFE7}.Debug|Any CPU.ActiveCfg = Debug|Any CPU
		{91853F21-9CD9-4132-BC29-A7D5D84FFFE7}.Debug|Any CPU.Build.0 = Debug|Any CPU
		{91853F21-9CD9-4132-BC29-A7D5D84FFFE7}.Release|Any CPU.ActiveCfg = Release|Any CPU
		{91853F21-9CD9-4132-BC29-A7D5D84FFFE7}.Release|Any CPU.Build.0 = Release|Any CPU
		{E512F4D9-9375-480F-A2F6-A46509F9D824}.Debug|Any CPU.ActiveCfg = Debug|Any CPU
		{E512F4D9-9375-480F-A2F6-A46509F9D824}.Debug|Any CPU.Build.0 = Debug|Any CPU
		{E512F4D9-9375-480F-A2F6-A46509F9D824}.Release|Any CPU.ActiveCfg = Release|Any CPU
		{E512F4D9-9375-480F-A2F6-A46509F9D824}.Release|Any CPU.Build.0 = Release|Any CPU
		{EF480016-9127-4916-8735-D2466BDBC582}.Debug|Any CPU.ActiveCfg = Debug|Any CPU
		{EF480016-9127-4916-8735-D2466BDBC582}.Debug|Any CPU.Build.0 = Debug|Any CPU
		{EF480016-9127-4916-8735-D2466BDBC582}.Release|Any CPU.ActiveCfg = Release|Any CPU
		{EF480016-9127-4916-8735-D2466BDBC582}.Release|Any CPU.Build.0 = Release|Any CPU
		{AA94D832-1CCC-4715-95A9-A483F23A1A5D}.Debug|Any CPU.ActiveCfg = Debug|Any CPU
		{AA94D832-1CCC-4715-95A9-A483F23A1A5D}.Debug|Any CPU.Build.0 = Debug|Any CPU
		{AA94D832-1CCC-4715-95A9-A483F23A1A5D}.Release|Any CPU.ActiveCfg = Release|Any CPU
		{AA94D832-1CCC-4715-95A9-A483F23A1A5D}.Release|Any CPU.Build.0 = Release|Any CPU
	EndGlobalSection
	GlobalSection(SolutionProperties) = preSolution
		HideSolutionNode = FALSE
	EndGlobalSection
	GlobalSection(NestedProjects) = preSolution
		{554AD327-6DBA-4F8F-96F8-81CE7A0C863F} = {CA9AC87F-097E-4F15-8393-4BC07735A5B0}
		{C2FD3411-393B-46EB-AA1C-E097872384E2} = {B4593AA2-BD39-464E-AA4F-41F6B5C821E1}
		{A41E0EBE-F6F1-40D5-9465-13B5B5FA8FE2} = {B4593AA2-BD39-464E-AA4F-41F6B5C821E1}
		{B741A1AA-E6B7-404E-9960-8CCFA93ACCAA} = {B4593AA2-BD39-464E-AA4F-41F6B5C821E1}
		{ABFE90C0-225C-4336-B766-EC0FE15F16CE} = {B4593AA2-BD39-464E-AA4F-41F6B5C821E1}
		{372029E3-AECA-4D0A-B919-A5E50F9BCA45} = {B4593AA2-BD39-464E-AA4F-41F6B5C821E1}
		{DC712B47-2D38-4776-B4B6-90D847317087} = {2D3DF914-C90F-4CEE-9C89-4EC3E534CCDD}
		{85E94312-B8E3-42C3-905C-3C7B37D747A0} = {2D3DF914-C90F-4CEE-9C89-4EC3E534CCDD}
		{FA5D4933-0540-4299-A8BE-C51190C602D2} = {2D3DF914-C90F-4CEE-9C89-4EC3E534CCDD}
		{4804B050-7EEF-4CE3-933D-F9DF10C84E84} = {2D3DF914-C90F-4CEE-9C89-4EC3E534CCDD}
		{365A87B0-7C94-49A1-9A05-95167F642E7B} = {2D3DF914-C90F-4CEE-9C89-4EC3E534CCDD}
		{34A6CC36-0F20-4EFF-B7D5-1CF27CAB781F} = {2D3DF914-C90F-4CEE-9C89-4EC3E534CCDD}
		{E35F93B3-4E78-4E75-AA8F-87BFC75F903D} = {2D3DF914-C90F-4CEE-9C89-4EC3E534CCDD}
		{A792E25A-9D52-42BA-8DDB-2D93F62DA3CC} = {2D3DF914-C90F-4CEE-9C89-4EC3E534CCDD}
		{019EA9AE-49B1-4AA0-B8ED-18820BF88D26} = {2D3DF914-C90F-4CEE-9C89-4EC3E534CCDD}
		{B4593AA2-BD39-464E-AA4F-41F6B5C821E1} = {04DBDB01-70F4-4E06-B468-8F87850B22BE}
		{2D3DF914-C90F-4CEE-9C89-4EC3E534CCDD} = {78206AB4-BE18-436F-8C90-78549B155484}
		{D71FBEE3-4F75-4B5B-BB72-C03C7A822897} = {232693DC-9275-4FFC-B3FA-F38816108E9E}
		{CE7C608F-1E18-40ED-8ACA-13FD5B285377} = {232693DC-9275-4FFC-B3FA-F38816108E9E}
		{1F24FF70-F534-489F-B2E8-C433D26890DA} = {232693DC-9275-4FFC-B3FA-F38816108E9E}
		{9CA17315-BAEF-44A3-AC5C-788C6BD3EE00} = {232693DC-9275-4FFC-B3FA-F38816108E9E}
		{4864C55E-EB7D-463E-B69E-12FF05C0D945} = {232693DC-9275-4FFC-B3FA-F38816108E9E}
		{B300DED4-98A9-49CB-B657-E2F69E40D45E} = {973A0009-D177-4A79-B249-58F7757431F7}
		{616E7ED8-74C8-4F72-93EB-E64A704F46FB} = {973A0009-D177-4A79-B249-58F7757431F7}
		{FEB2B1BE-557B-49EB-BCA8-168089073302} = {973A0009-D177-4A79-B249-58F7757431F7}
		{D362E734-682D-4370-BB8B-69EA86349D6C} = {973A0009-D177-4A79-B249-58F7757431F7}
		{98C94543-DC2B-493B-BD50-F2932CE9AEBB} = {973A0009-D177-4A79-B249-58F7757431F7}
		{12DDDA0F-BDEC-453E-A8F9-32E5F018FA07} = {973A0009-D177-4A79-B249-58F7757431F7}
		{07455A5A-8820-4DDC-9167-1DBBF4BFA183} = {973A0009-D177-4A79-B249-58F7757431F7}
		{C65C148A-A375-46C5-9EB3-1A933290D375} = {973A0009-D177-4A79-B249-58F7757431F7}
		{07F8DCA1-CD91-43BA-B946-72FB86DB73B2} = {973A0009-D177-4A79-B249-58F7757431F7}
		{232693DC-9275-4FFC-B3FA-F38816108E9E} = {04DBDB01-70F4-4E06-B468-8F87850B22BE}
		{973A0009-D177-4A79-B249-58F7757431F7} = {78206AB4-BE18-436F-8C90-78549B155484}
		{1A94A50E-06DC-43C1-80B5-B662820EC3EB} = {CA9AC87F-097E-4F15-8393-4BC07735A5B0}
		{C956DD76-69C8-4A9C-83EA-D17DF83340FD} = {CA9AC87F-097E-4F15-8393-4BC07735A5B0}
		{068855E8-9240-4F1A-910B-CF825794513B} = {CA9AC87F-097E-4F15-8393-4BC07735A5B0}
		{50B2631D-129C-47B3-A587-029CCD6099BC} = {04DBDB01-70F4-4E06-B468-8F87850B22BE}
		{5F1B28C6-8D0C-4155-92D0-252F7EA5F674} = {04DBDB01-70F4-4E06-B468-8F87850B22BE}
		{42F719ED-8413-4895-B5B4-5AB56079BC66} = {CA9AC87F-097E-4F15-8393-4BC07735A5B0}
		{520659C8-C734-4298-A3DA-B539DB9DFC0B} = {CA9AC87F-097E-4F15-8393-4BC07735A5B0}
		{4164BDF7-F527-4E85-9CE6-E3C2D7426A27} = {CA9AC87F-097E-4F15-8393-4BC07735A5B0}
		{3B5A0094-670D-4BB1-BFDD-61B88A8773DC} = {CA9AC87F-097E-4F15-8393-4BC07735A5B0}
		{1FE30EB9-74A9-47F5-A9F6-7B1FAB672D81} = {04DBDB01-70F4-4E06-B468-8F87850B22BE}
		{91853F21-9CD9-4132-BC29-A7D5D84FFFE7} = {04DBDB01-70F4-4E06-B468-8F87850B22BE}
		{E512F4D9-9375-480F-A2F6-A46509F9D824} = {04DBDB01-70F4-4E06-B468-8F87850B22BE}
		{EF480016-9127-4916-8735-D2466BDBC582} = {04DBDB01-70F4-4E06-B468-8F87850B22BE}
		{AA94D832-1CCC-4715-95A9-A483F23A1A5D} = {CA9AC87F-097E-4F15-8393-4BC07735A5B0}
	EndGlobalSection
	GlobalSection(ExtensibilityGlobals) = postSolution
		SolutionGuid = {28315BFD-90E7-4E14-A2EA-F3D23AF4126F}
	EndGlobalSection
EndGlobal
